
Microsoft Visual Studio Solution File, Format Version 12.00
# Visual Studio Version 18
VisualStudioVersion = 18.5.11723.231 stable
MinimumVisualStudioVersion = 10.0.40219.1
Project("{FAE04EC0-301F-11D3-BF4B-00C04F79EFBC}") = "msptool", "msptool.csproj", "{4EEBE5E3-320D-405D-AD24-81D25DD139EE}"
EndProject
Global
	GlobalSection(SolutionConfigurationPlatforms) = preSolution
		Debug|Any CPU = Debug|Any CPU
		Release|Any CPU = Release|Any CPU
	EndGlobalSection
	GlobalSection(ProjectConfigurationPlatforms) = postSolution
		{4EEBE5E3-320D-405D-AD24-81D25DD139EE}.Debug|Any CPU.ActiveCfg = Release|Any CPU
		{4EEBE5E3-320D-405D-AD24-81D25DD139EE}.Debug|Any CPU.Build.0 = Release|Any CPU
		{4EEBE5E3-320D-405D-AD24-81D25DD139EE}.Release|Any CPU.ActiveCfg = Release|Any CPU
		{4EEBE5E3-320D-405D-AD24-81D25DD139EE}.Release|Any CPU.Build.0 = Release|Any CPU
	EndGlobalSection
	GlobalSection(SolutionProperties) = preSolution
		HideSolutionNode = FALSE
	EndGlobalSection
	GlobalSection(ExtensibilityGlobals) = postSolution
		SolutionGuid = {C35B431F-E695-4A67-8AD0-24D3EC2FC454}
	EndGlobalSection
EndGlobal
